Microsoft Visual Studio Solution File, Format Version 12.00
# Visual Studio Version 16
VisualStudioVersion = 16.0.28803.352
MinimumVisualStudioVersion = 10.0.40219.1
Project("{9A19103F-16F7-4668-BE54-9A1E7A4F7556}") = "Muslims", "Muslims\Muslims.csproj", "{ACD0F064-5DDC-45AD-B9F8-D0A02BEAFB7C}"
EndProject
Project("{FAE04EC0-301F-11D3-BF4B-00C04F79EFBC}") = "Muslims.Android", "Muslims.Android\Muslims.Android.csproj", "{F3B6A614-5EFE-473A-B7BE-49D2642CBD78}"
EndProject
Project("{FAE04EC0-301F-11D3-BF4B-00C04F79EFBC}") = "Muslims.iOS", "Muslims.iOS\Muslims.iOS.csproj", "{3A3DF749-DBBB-4C96-8F43-7807D1C8C625}"
EndProject
Global
	GlobalSection(SolutionConfigurationPlatforms) = preSolution
		Ad-Hoc|Any CPU = Ad-Hoc|Any CPU
		Ad-Hoc|iPhone = Ad-Hoc|iPhone
		Ad-Hoc|iPhoneSimulator = Ad-Hoc|iPhoneSimulator
		AppStore|Any CPU = AppStore|Any CPU
		AppStore|iPhone = AppStore|iPhone
		AppStore|iPhoneSimulator = AppStore|iPhoneSimulator
		Debug|Any CPU = Debug|Any CPU
		Debug|iPhone = Debug|iPhone
		Debug|iPhoneSimulator = Debug|iPhoneSimulator
		Release|Any CPU = Release|Any CPU
		Release|iPhone = Release|iPhone
		Release|iPhoneSimulator = Release|iPhoneSimulator
	EndGlobalSection
	GlobalSection(ProjectConfigurationPlatforms) = postSolution
		{ACD0F064-5DDC-45AD-B9F8-D0A02BEAFB7C}.Ad-Hoc|Any CPU.ActiveCfg = Debug|Any CPU
		{ACD0F064-5DDC-45AD-B9F8-D0A02BEAFB7C}.Ad-Hoc|Any CPU.Build.0 = Debug|Any CPU
		{ACD0F064-5DDC-45AD-B9F8-D0A02BEAFB7C}.Ad-Hoc|iPhone.ActiveCfg = Debug|Any CPU
		{ACD0F064-5DDC-45AD-B9F8-D0A02BEAFB7C}.Ad-Hoc|iPhone.Build.0 = Debug|Any CPU
		{ACD0F064-5DDC-45AD-B9F8-D0A02BEAFB7C}.Ad-Hoc|iPhoneSimulator.ActiveCfg = Debug|Any CPU
		{ACD0F064-5DDC-45AD-B9F8-D0A02BEAFB7C}.Ad-Hoc|iPhoneSimulator.Build.0 = Debug|Any CPU
		{ACD0F064-5DDC-45AD-B9F8-D0A02BEAFB7C}.AppStore|Any CPU.ActiveCfg = Debug|Any CPU
		{ACD0F064-5DDC-45AD-B9F8-D0A02BEAFB7C}.AppStore|Any CPU.Build.0 = Debug|Any CPU
		{ACD0F064-5DDC-45AD-B9F8-D0A02BEAFB7C}.AppStore|iPhone.ActiveCfg = Debug|Any CPU
		{ACD0F064-5DDC-45AD-B9F8-D0A02BEAFB7C}.AppStore|iPhone.Build.0 = Debug|Any CPU
		{ACD0F064-5DDC-45AD-B9F8-D0A02BEAFB7C}.AppStore|iPhoneSimulator.ActiveCfg = Debug|Any CPU
		{ACD0F064-5DDC-45AD-B9F8-D0A02BEAFB7C}.AppStore|iPhoneSimulator.Build.0 = Debug|Any CPU
		{ACD0F064-5DDC-45AD-B9F8-D0A02BEAFB7C}.Debug|Any CPU.ActiveCfg = Debug|Any CPU
		{ACD0F064-5DDC-45AD-B9F8-D0A02BEAFB7C}.Debug|Any CPU.Build.0 = Debug|Any CPU
		{ACD0F064-5DDC-45AD-B9F8-D0A02BEAFB7C}.Debug|iPhone.ActiveCfg = Debug|Any CPU
		{ACD0F064-5DDC-45AD-B9F8-D0A02BEAFB7C}.Debug|iPhone.Build.0 = Debug|Any CPU
		{ACD0F064-5DDC-45AD-B9F8-D0A02BEAFB7C}.Debug|iPhoneSimulator.ActiveCfg = Debug|Any CPU
		{ACD0F064-5DDC-45AD-B9F8-D0A02BEAFB7C}.Debug|iPhoneSimulator.Build.0 = Debug|Any CPU
		{ACD0F064-5DDC-45AD-B9F8-D0A02BEAFB7C}.Release|Any CPU.ActiveCfg = Release|Any CPU
		{ACD0F064-5DDC-45AD-B9F8-D0A02BEAFB7C}.Release|Any CPU.Build.0 = Release|Any CPU
		{ACD0F064-5DDC-45AD-B9F8-D0A02BEAFB7C}.Release|iPhone.ActiveCfg = Release|Any CPU
		{ACD0F064-5DDC-45AD-B9F8-D0A02BEAFB7C}.Release|iPhone.Build.0 = Release|Any CPU
		{ACD0F064-5DDC-45AD-B9F8-D0A02BEAFB7C}.Release|iPhoneSimulator.ActiveCfg = Release|Any CPU
		{ACD0F064-5DDC-45AD-B9F8-D0A02BEAFB7C}.Release|iPhoneSimulator.Build.0 = Release|Any CPU
		{F3B6A614-5EFE-473A-B7BE-49D2642CBD78}.Ad-Hoc|Any CPU.ActiveCfg = Release|Any CPU
		{F3B6A614-5EFE-473A-B7BE-49D2642CBD78}.Ad-Hoc|Any CPU.Build.0 = Release|Any CPU
		{F3B6A614-5EFE-473A-B7BE-49D2642CBD78}.Ad-Hoc|Any CPU.Deploy.0 = Release|Any CPU
		{F3B6A614-5EFE-473A-B7BE-49D2642CBD78}.Ad-Hoc|iPhone.ActiveCfg = Release|Any CPU
		{F3B6A614-5EFE-473A-B7BE-49D2642CBD78}.Ad-Hoc|iPhone.Build.0 = Release|Any CPU
		{F3B6A614-5EFE-473A-B7BE-49D2642CBD78}.Ad-Hoc|iPhone.Deploy.0 = Release|Any CPU
		{F3B6A614-5EFE-473A-B7BE-49D2642CBD78}.Ad-Hoc|iPhoneSimulator.ActiveCfg = Release|Any CPU
		{F3B6A614-5EFE-473A-B7BE-49D2642CBD78}.Ad-Hoc|iPhoneSimulator.Build.0 = Release|Any CPU
		{F3B6A614-5EFE-473A-B7BE-49D2642CBD78}.Ad-Hoc|iPhoneSimulator.Deploy.0 = Release|Any CPU
		{F3B6A614-5EFE-473A-B7BE-49D2642CBD78}.AppStore|Any CPU.ActiveCfg = Release|Any CPU
		{F3B6A614-5EFE-473A-B7BE-49D2642CBD78}.AppStore|Any CPU.Build.0 = Release|Any CPU
		{F3B6A614-5EFE-473A-B7BE-49D2642CBD78}.AppStore|Any CPU.Deploy.0 = Release|Any CPU
		{F3B6A614-5EFE-473A-B7BE-49D2642CBD78}.AppStore|iPhone.ActiveCfg = Release|Any CPU
		{F3B6A614-5EFE-473A-B7BE-49D2642CBD78}.AppStore|iPhone.Build.0 = Release|Any CPU
		{F3B6A614-5EFE-473A-B7BE-49D2642CBD78}.AppStore|iPhone.Deploy.0 = Release|Any CPU
		{F3B6A614-5EFE-473A-B7BE-49D2642CBD78}.AppStore|iPhoneSimulator.ActiveCfg = Release|Any CPU
		{F3B6A614-5EFE-473A-B7BE-49D2642CBD78}.AppStore|iPhoneSimulator.Build.0 = Release|Any CPU
		{F3B6A614-5EFE-473A-B7BE-49D2642CBD78}.AppStore|iPhoneSimulator.Deploy.0 = Release|Any CPU
		{F3B6A614-5EFE-473A-B7BE-49D2642CBD78}.Debug|Any CPU.ActiveCfg = Debug|Any CPU
		{F3B6A614-5EFE-473A-B7BE-49D2642CBD78}.Debug|Any CPU.Build.0 = Debug|Any CPU
		{F3B6A614-5EFE-473A-B7BE-49D2642CBD78}.Debug|Any CPU.Deploy.0 = Debug|Any CPU
		{F3B6A614-5EFE-473A-B7BE-49D2642CBD78}.Debug|iPhone.ActiveCfg = Debug|Any CPU
		{F3B6A614-5EFE-473A-B7BE-49D2642CBD78}.Debug|iPhone.Build.0 = Debug|Any CPU
		{F3B6A614-5EFE-473A-B7BE-49D2642CBD78}.Debug|iPhone.Deploy.0 = Debug|Any CPU
		{F3B6A614-5EFE-473A-B7BE-49D2642CBD78}.Debug|iPhoneSimulator.ActiveCfg = Debug|Any CPU
		{F3B6A614-5EFE-473A-B7BE-49D2642CBD78}.Debug|iPhoneSimulator.Build.0 = Debug|Any CPU
		{F3B6A614-5EFE-473A-B7BE-49D2642CBD78}.Debug|iPhoneSimulator.Deploy.0 = Debug|Any CPU
		{F3B6A614-5EFE-473A-B7BE-49D2642CBD78}.Release|Any CPU.ActiveCfg = Release|Any CPU
		{F3B6A614-5EFE-473A-B7BE-49D2642CBD78}.Release|Any CPU.Build.0 = Release|Any CPU
		{F3B6A614-5EFE-473A-B7BE-49D2642CBD78}.Release|Any CPU.Deploy.0 = Release|Any CPU
		{F3B6A614-5EFE-473A-B7BE-49D2642CBD78}.Release|iPhone.ActiveCfg = Release|Any CPU
		{F3B6A614-5EFE-473A-B7BE-49D2642CBD78}.Release|iPhone.Build.0 = Release|Any CPU
		{F3B6A614-5EFE-473A-B7BE-49D2642CBD78}.Release|iPhone.Deploy.0 = Release|Any CPU
		{F3B6A614-5EFE-473A-B7BE-49D2642CBD78}.Release|iPhoneSimulator.ActiveCfg = Release|Any CPU
		{F3B6A614-5EFE-473A-B7BE-49D2642CBD78}.Release|iPhoneSimulator.Build.0 = Release|Any CPU
		{F3B6A614-5EFE-473A-B7BE-49D2642CBD78}.Release|iPhoneSimulator.Deploy.0 = Release|Any CPU
		{3A3DF749-DBBB-4C96-8F43-7807D1C8C625}.Ad-Hoc|Any CPU.ActiveCfg = Ad-Hoc|iPhone
		{3A3DF749-DBBB-4C96-8F43-7807D1C8C625}.Ad-Hoc|iPhone.ActiveCfg = Ad-Hoc|iPhone
		{3A3DF749-DBBB-4C96-8F43-7807D1C8C625}.Ad-Hoc|iPhone.Build.0 = Ad-Hoc|iPhone
		{3A3DF749-DBBB-4C96-8F43-7807D1C8C625}.Ad-Hoc|iPhoneSimulator.ActiveCfg = Ad-Hoc|iPhoneSimulator
		{3A3DF749-DBBB-4C96-8F43-7807D1C8C625}.Ad-Hoc|iPhoneSimulator.Build.0 = Ad-Hoc|iPhoneSimulator
		{3A3DF749-DBBB-4C96-8F43-7807D1C8C625}.AppStore|Any CPU.ActiveCfg = AppStore|iPhone
		{3A3DF749-DBBB-4C96-8F43-7807D1C8C625}.AppStore|iPhone.ActiveCfg = AppStore|iPhone
		{3A3DF749-DBBB-4C96-8F43-7807D1C8C625}.AppStore|iPhone.Build.0 = AppStore|iPhone
		{3A3DF749-DBBB-4C96-8F43-7807D1C8C625}.AppStore|iPhoneSimulator.ActiveCfg = AppStore|iPhoneSimulator
		{3A3DF749-DBBB-4C96-8F43-7807D1C8C625}.AppStore|iPhoneSimulator.Build.0 = AppStore|iPhoneSimulator
		{3A3DF749-DBBB-4C96-8F43-7807D1C8C625}.Debug|Any CPU.ActiveCfg = Debug|iPhone
		{3A3DF749-DBBB-4C96-8F43-7807D1C8C625}.Debug|iPhone.ActiveCfg = Debug|iPhone
		{3A3DF749-DBBB-4C96-8F43-7807D1C8C625}.Debug|iPhone.Build.0 = Debug|iPhone
		{3A3DF749-DBBB-4C96-8F43-7807D1C8C625}.Debug|iPhoneSimulator.ActiveCfg = Debug|iPhoneSimulator
		{3A3DF749-DBBB-4C96-8F43-7807D1C8C625}.Debug|iPhoneSimulator.Build.0 = Debug|iPhoneSimulator
		{3A3DF749-DBBB-4C96-8F43-7807D1C8C625}.Release|Any CPU.ActiveCfg = Release|iPhone
		{3A3DF749-DBBB-4C96-8F43-7807D1C8C625}.Release|iPhone.ActiveCfg = Release|iPhone
		{3A3DF749-DBBB-4C96-8F43-7807D1C8C625}.Release|iPhone.Build.0 = Release|iPhone
		{3A3DF749-DBBB-4C96-8F43-7807D1C8C625}.Release|iPhoneSimulator.ActiveCfg = Release|iPhoneSimulator
		{3A3DF749-DBBB-4C96-8F43-7807D1C8C625}.Release|iPhoneSimulator.Build.0 = Release|iPhoneSimulator
	EndGlobalSection
	GlobalSection(SolutionProperties) = preSolution
		HideSolutionNode = FALSE
	EndGlobalSection
	GlobalSection(ExtensibilityGlobals) = postSolution
		SolutionGuid = {5F942BCF-F932-451F-8C07-41015E9B29D9}
	EndGlobalSection
EndGlobal
